// !$*UTF8*$!
{
	archiveVersion = 1;
	classes = {
	};
	objectVersion = 46;
	objects = {

/* Begin PBXBuildFile section */
		0084262EE5E39142C677BFC9 /* OnboardingFlowView.swift in Sources */ = {isa = PBXBuildFile; fileRef = 5279BB0F082859EEB352971F /* OnboardingFlowView.swift */; settings = {COMPILER_FLAGS = "-fobjc-arc"; }; };
		03E50EB8A33584C2E3DA5C42 /* AppRouter.swift in Sources */ = {isa = PBXBuildFile; fileRef = 1F941A0D9CC636C5B7B4E045 /* AppRouter.swift */; settings = {COMPILER_FLAGS = "-fobjc-arc"; }; };
		083D64D2FEFFEFF1D07A65D6 /* Assets.xcassets in Resources */ = {isa = PBXBuildFile; fileRef = 49ACAF205B1B4D0DCE35C843 /* Assets.xcassets */; };
		0B0DA74050BFDB012C257AD9 /* TrainingArcConfig.swift in Sources */ = {isa = PBXBuildFile; fileRef = 85C919B53CB2AF01A8B887A1 /* TrainingArcConfig.swift */; settings = {COMPILER_FLAGS = "-fobjc-arc"; }; };
		0B61AB76FE7EF9A0565472C2 /* DashboardView.swift in Sources */ = {isa = PBXBuildFile; fileRef = E41F31C0E0FA20EE45C31D9A /* DashboardView.swift */; settings = {COMPILER_FLAGS = "-fobjc-arc"; }; };
		14F0E02A6D97F036EB803584 /* ExternalEventService.swift in Sources */ = {isa = PBXBuildFile; fileRef = 19290FE948BBCA6B75CF00D5 /* ExternalEventService.swift */; settings = {COMPILER_FLAGS = "-fobjc-arc"; }; };
		182A8B6E07576AF494FA2EFE /* TrainingStore.swift in Sources */ = {isa = PBXBuildFile; fileRef = 9E1D95FE77EB7A8B1ACA872E /* TrainingStore.swift */; settings = {COMPILER_FLAGS = "-fobjc-arc"; }; };
		1D5CD65411363E3FC0DC0EBF /* TrainingExportDocument.swift in Sources */ = {isa = PBXBuildFile; fileRef = A7400481CC2F37BC1DEAA0D7 /* TrainingExportDocument.swift */; settings = {COMPILER_FLAGS = "-fobjc-arc"; }; };
		1E9141469F333962496F5122 /* Foundation.framework in Frameworks */ = {isa = PBXBuildFile; fileRef = C9B76032658FDC3EB4F14E6A /* Foundation.framework */; };
		1FDD1E283FCB2C99020D5338 /* TrainingRoute.swift in Sources */ = {isa = PBXBuildFile; fileRef = 92165F921AE72A2BB5A163CF /* TrainingRoute.swift */; settings = {COMPILER_FLAGS = "-fobjc-arc"; }; };
		2ECEB3BE3B6458840C026969 /* WidgetSnapshot.swift in Sources */ = {isa = PBXBuildFile; fileRef = 4CD565C3A31AE2154188F191 /* WidgetSnapshot.swift */; settings = {COMPILER_FLAGS = "-fobjc-arc"; }; };
		3867B49BA40B3523C33C13E2 /* TrainingArcAppShortcuts.swift in Sources */ = {isa = PBXBuildFile; fileRef = 26BDCD0AE2AAB4C0CC38FDA3 /* TrainingArcAppShortcuts.swift */; settings = {COMPILER_FLAGS = "-fobjc-arc"; }; };
		3A3DC42CA03D69F393951E58 /* ContentView.swift in Sources */ = {isa = PBXBuildFile; fileRef = A3FCFA437531652149671752 /* ContentView.swift */; settings = {COMPILER_FLAGS = "-fobjc-arc"; }; };
		3A7D10DBFC2E9151D5E95FF8 /* WeeklyReviewView.swift in Sources */ = {isa = PBXBuildFile; fileRef = 8277062E60207448212B991B /* WeeklyReviewView.swift */; settings = {COMPILER_FLAGS = "-fobjc-arc"; }; };
		435D06216F5AAD9188EB7858 /* AppIdentity.swift in Sources */ = {isa = PBXBuildFile; fileRef = 3A9D22C8A259EDD9396732F0 /* AppIdentity.swift */; settings = {COMPILER_FLAGS = "-fobjc-arc"; }; };
		45D80ED5613CEA6FD9816E00 /* RankArtworkView.swift in Sources */ = {isa = PBXBuildFile; fileRef = C6888D8D1A58A620AC847DCA /* RankArtworkView.swift */; settings = {COMPILER_FLAGS = "-fobjc-arc"; }; };
		46CFC5D4A919C44C99B7B73E /* HistoryView.swift in Sources */ = {isa = PBXBuildFile; fileRef = 8B2EC7D73D0E475E2F8CEE3D /* HistoryView.swift */; settings = {COMPILER_FLAGS = "-fobjc-arc"; }; };
		4A8F31B0D7E24C0F9A1B2C3D /* GoalsView.swift in Sources */ = {isa = PBXBuildFile; fileRef = 4A8F31B0D7E24C0F9A1B2C3E /* GoalsView.swift */; settings = {COMPILER_FLAGS = "-fobjc-arc"; }; };
		4C8436280FA6CCDBCAA98BA9 /* ArcLogWidgets.appex in Embed App Extensions */ = {isa = PBXBuildFile; fileRef = E0D39427B50B885EF2F60238 /* ArcLogWidgets.appex */; settings = {ATTRIBUTES = (CodeSignOnCopy, RemoveHeadersOnCopy, ); }; };
		578EF90D3F42025F60A676B5 /* DeepLink.swift in Sources */ = {isa = PBXBuildFile; fileRef = E9569087814846758126EBEE /* DeepLink.swift */; settings = {COMPILER_FLAGS = "-fobjc-arc"; }; };
		5E215D0973CA16E9429BA455 /* SurfaceCard.swift in Sources */ = {isa = PBXBuildFile; fileRef = 79A4CE7949AA0744BC3BC16D /* SurfaceCard.swift */; settings = {COMPILER_FLAGS = "-fobjc-arc"; }; };
		5E6BC1F02C6BFC045C0037AD /* Formatting.swift in Sources */ = {isa = PBXBuildFile; fileRef = 4EFAF6A42E52AC2C41BFEC79 /* Formatting.swift */; settings = {COMPILER_FLAGS = "-fobjc-arc"; }; };
		621332CC49C0126CE62C422A /* TrainingRoute.swift in Sources */ = {isa = PBXBuildFile; fileRef = 92165F921AE72A2BB5A163CF /* TrainingRoute.swift */; settings = {COMPILER_FLAGS = "-fobjc-arc"; }; };
		658E2EF150CEBED347B6295C /* StreakService.swift in Sources */ = {isa = PBXBuildFile; fileRef = 1C1012D2037E1B3FC3C79138 /* StreakService.swift */; settings = {COMPILER_FLAGS = "-fobjc-arc"; }; };
		6B0A3D3A556D95FEBD461E6F /* AppIdentity.swift in Sources */ = {isa = PBXBuildFile; fileRef = 3A9D22C8A259EDD9396732F0 /* AppIdentity.swift */; settings = {COMPILER_FLAGS = "-fobjc-arc"; }; };
		6BBCBB1E370947BBC967F3D8 /* CharacterSheetView.swift in Sources */ = {isa = PBXBuildFile; fileRef = 0CF0FC8256B14E0BCB9EABBA /* CharacterSheetView.swift */; settings = {COMPILER_FLAGS = "-fobjc-arc"; }; };
		6E7238A3F3F16C1277787DA3 /* ArcLogWidgets.swift in Sources */ = {isa = PBXBuildFile; fileRef = 392CC621CBDAC9B6E6A49427 /* ArcLogWidgets.swift */; settings = {COMPILER_FLAGS = "-fobjc-arc"; }; };
		6ED7CE6030CD90E6D709C8BF /* HabitEditorView.swift in Sources */ = {isa = PBXBuildFile; fileRef = A91903B9AC655E2F367B48F0 /* HabitEditorView.swift */; settings = {COMPILER_FLAGS = "-fobjc-arc"; }; };
		7CEA8823EE34D74705200182 /* SettingsView.swift in Sources */ = {isa = PBXBuildFile; fileRef = 6910FEE1748F7C2DF69A467F /* SettingsView.swift */; settings = {COMPILER_FLAGS = "-fobjc-arc"; }; };
		8C21B779B1CEFC9382B3BEB1 /* TrainingArcIntents.swift in Sources */ = {isa = PBXBuildFile; fileRef = 1600BC42083577AFA3BD9FF9 /* TrainingArcIntents.swift */; settings = {COMPILER_FLAGS = "-fobjc-arc"; }; };
		8FAB4C0D4561EA75AC373227 /* WeekMath.swift in Sources */ = {isa = PBXBuildFile; fileRef = 7374C9174902F527434357A4 /* WeekMath.swift */; settings = {COMPILER_FLAGS = "-fobjc-arc"; }; };
		9A073E130BFFCA91AB9535F7 /* ArcLogApp.swift in Sources */ = {isa = PBXBuildFile; fileRef = 8D3F0D7C4B8DC8A81F5A404C /* ArcLogApp.swift */; settings = {COMPILER_FLAGS = "-fobjc-arc"; }; };
		A3AB5DD437CE0BBEF65BACE5 /* ParticleBurstView.swift in Sources */ = {isa = PBXBuildFile; fileRef = D03885062FCF26C3548CD147 /* ParticleBurstView.swift */; settings = {COMPILER_FLAGS = "-fobjc-arc"; }; };
		A3D92654BB428CA2E4884587 /* WidgetSnapshot.swift in Sources */ = {isa = PBXBuildFile; fileRef = 4CD565C3A31AE2154188F191 /* WidgetSnapshot.swift */; settings = {COMPILER_FLAGS = "-fobjc-arc"; }; };
		A58BCC11E59197865C638468 /* Formatting.swift in Sources */ = {isa = PBXBuildFile; fileRef = 4EFAF6A42E52AC2C41BFEC79 /* Formatting.swift */; settings = {COMPILER_FLAGS = "-fobjc-arc"; }; };
		AAE44FB22A6214BE6C5C8823 /* HabitQuickLogRow.swift in Sources */ = {isa = PBXBuildFile; fileRef = 12A478A2D1F1556301984B32 /* HabitQuickLogRow.swift */; settings = {COMPILER_FLAGS = "-fobjc-arc"; }; };
		ABB45DC0C3771E41B6FFC9D0 /* HabitsView.swift in Sources */ = {isa = PBXBuildFile; fileRef = 1419229671C5861428151155 /* HabitsView.swift */; settings = {COMPILER_FLAGS = "-fobjc-arc"; }; };
		AE505B863519D052843A89D4 /* ArcLogWidgetsBundle.swift in Sources */ = {isa = PBXBuildFile; fileRef = 2EBBFF76F5071700EB2B3B5E /* ArcLogWidgetsBundle.swift */; settings = {COMPILER_FLAGS = "-fobjc-arc"; }; };
		AEAAC1787B64236C45B3F3C2 /* AuraView.swift in Sources */ = {isa = PBXBuildFile; fileRef = 58535D994280C835260CF525 /* AuraView.swift */; settings = {COMPILER_FLAGS = "-fobjc-arc"; }; };
		B3CCCDF11E92161F4D806CBC /* Foundation.framework in Frameworks */ = {isa = PBXBuildFile; fileRef = C9B76032658FDC3EB4F14E6A /* Foundation.framework */; };
		B710FC7B04FB9A59A7A6C79C /* TrainingTheme.swift in Sources */ = {isa = PBXBuildFile; fileRef = F492C50F76B5CD19D7831369 /* TrainingTheme.swift */; settings = {COMPILER_FLAGS = "-fobjc-arc"; }; };
		B8D3B7703276C635745EF0E1 /* Foundation.framework in Frameworks */ = {isa = PBXBuildFile; fileRef = C9B76032658FDC3EB4F14E6A /* Foundation.framework */; };
		BA5C6047636A68AD75C05780 /* StatCard.swift in Sources */ = {isa = PBXBuildFile; fileRef = 9AFF5C370B7CCF2962A99DF4 /* StatCard.swift */; settings = {COMPILER_FLAGS = "-fobjc-arc"; }; };
		C591D17FB40738D794B0630B /* HabitDetailView.swift in Sources */ = {isa = PBXBuildFile; fileRef = 0E76BBD1DECEF2B57BB59B79 /* HabitDetailView.swift */; settings = {COMPILER_FLAGS = "-fobjc-arc"; }; };
		CD8778C8C2EC305A6CAAEBD5 /* HapticsService.swift in Sources */ = {isa = PBXBuildFile; fileRef = 33179BD9A6C2755E88B505A9 /* HapticsService.swift */; settings = {COMPILER_FLAGS = "-fobjc-arc"; }; };
		CE7133089386FA988043E891 /* ProgressionEngine.swift in Sources */ = {isa = PBXBuildFile; fileRef = E045293530A87E2701363A22 /* ProgressionEngine.swift */; settings = {COMPILER_FLAGS = "-fobjc-arc"; }; };
		D0EC96E72CF61D7286CA3EC0 /* TrainingModels.swift in Sources */ = {isa = PBXBuildFile; fileRef = 2DAC80C8B6E6B440341C701A /* TrainingModels.swift */; settings = {COMPILER_FLAGS = "-fobjc-arc"; }; };
		DA6A0A2B307EB714EB81D0F3 /* NotificationService.swift in Sources */ = {isa = PBXBuildFile; fileRef = B5B540F065D4C0D648C47729 /* NotificationService.swift */; settings = {COMPILER_FLAGS = "-fobjc-arc"; }; };
		DAACDC0B6ED80CE7BC085E2A /* ArcLogTests.swift in Sources */ = {isa = PBXBuildFile; fileRef = 596B7F8D4185029C286B35C1 /* ArcLogTests.swift */; settings = {COMPILER_FLAGS = "-fobjc-arc"; }; };
		F2A3F298BAF1DD99ED9088C0 /* AppRootView.swift in Sources */ = {isa = PBXBuildFile; fileRef = CB2F9A6EDE79C07097FB3610 /* AppRootView.swift */; settings = {COMPILER_FLAGS = "-fobjc-arc"; }; };
/* End PBXBuildFile section */

/* Begin PBXContainerItemProxy section */
		7D24A0D31C5A4D151B531B9D /* PBXContainerItemProxy */ = {
			isa = PBXContainerItemProxy;
			containerPortal = BBA9442F9EB0903823CF0E5A /* Project object */;
			proxyType = 1;
			remoteGlobalIDString = 38B737E316FED683347D3868;
			remoteInfo = ArcLog;
		};
		885702113A5CAAE802158070 /* PBXContainerItemProxy */ = {
			isa = PBXContainerItemProxy;
			containerPortal = BBA9442F9EB0903823CF0E5A /* Project object */;
			proxyType = 1;
			remoteGlobalIDString = 26B8AD0EBDD2689C810AC369;
			remoteInfo = ArcLogWidgets;
		};
/* End PBXContainerItemProxy section */

/* Begin PBXCopyFilesBuildPhase section */
		B02627CE8E9ABF432BC311F6 /* Embed App Extensions */ = {
			isa = PBXCopyFilesBuildPhase;
			buildActionMask = 2147483647;
			dstPath = "";
			dstSubfolderSpec = 13;
			files = (
				4C8436280FA6CCDBCAA98BA9 /* ArcLogWidgets.appex in Embed App Extensions */,
			);
			name = "Embed App Extensions";
			runOnlyForDeploymentPostprocessing = 0;
		};
/* End PBXCopyFilesBuildPhase section */

/* Begin PBXFileReference section */
		0CF0FC8256B14E0BCB9EABBA /* CharacterSheetView.swift */ = {isa = PBXFileReference; includeInIndex = 1; lastKnownFileType = sourcecode.swift; name = CharacterSheetView.swift; path = ArcLog/Views/Character/CharacterSheetView.swift; sourceTree = "<group>"; };
		0E76BBD1DECEF2B57BB59B79 /* HabitDetailView.swift */ = {isa = PBXFileReference; includeInIndex = 1; lastKnownFileType = sourcecode.swift; name = HabitDetailView.swift; path = ArcLog/Views/Habits/HabitDetailView.swift; sourceTree = "<group>"; };
		0F0439FE287A3AB244B62946 /* ArcLogTests.xctest */ = {isa = PBXFileReference; explicitFileType = wrapper.cfbundle; includeInIndex = 0; path = ArcLogTests.xctest; sourceTree = BUILT_PRODUCTS_DIR; };
		12A478A2D1F1556301984B32 /* HabitQuickLogRow.swift */ = {isa = PBXFileReference; includeInIndex = 1; lastKnownFileType = sourcecode.swift; name = HabitQuickLogRow.swift; path = ArcLog/Views/Components/HabitQuickLogRow.swift; sourceTree = "<group>"; };
		1419229671C5861428151155 /* HabitsView.swift */ = {isa = PBXFileReference; includeInIndex = 1; lastKnownFileType = sourcecode.swift; name = HabitsView.swift; path = ArcLog/Views/Habits/HabitsView.swift; sourceTree = "<group>"; };
		1600BC42083577AFA3BD9FF9 /* TrainingArcIntents.swift */ = {isa = PBXFileReference; includeInIndex = 1; lastKnownFileType = sourcecode.swift; name = TrainingArcIntents.swift; path = ArcLog/Intents/TrainingArcIntents.swift; sourceTree = "<group>"; };
		19290FE948BBCA6B75CF00D5 /* ExternalEventService.swift */ = {isa = PBXFileReference; includeInIndex = 1; lastKnownFileType = sourcecode.swift; name = ExternalEventService.swift; path = ArcLog/Domain/ExternalEventService.swift; sourceTree = "<group>"; };
		1C1012D2037E1B3FC3C79138 /* StreakService.swift */ = {isa = PBXFileReference; includeInIndex = 1; lastKnownFileType = sourcecode.swift; name = StreakService.swift; path = ArcLog/Domain/StreakService.swift; sourceTree = "<group>"; };
		1F941A0D9CC636C5B7B4E045 /* AppRouter.swift */ = {isa = PBXFileReference; includeInIndex = 1; lastKnownFileType = sourcecode.swift; name = AppRouter.swift; path = ArcLog/App/AppRouter.swift; sourceTree = "<group>"; };
		26BDCD0AE2AAB4C0CC38FDA3 /* TrainingArcAppShortcuts.swift */ = {isa = PBXFileReference; includeInIndex = 1; lastKnownFileType = sourcecode.swift; name = TrainingArcAppShortcuts.swift; path = ArcLog/Intents/TrainingArcAppShortcuts.swift; sourceTree = "<group>"; };
		2DAC80C8B6E6B440341C701A /* TrainingModels.swift */ = {isa = PBXFileReference; includeInIndex = 1; lastKnownFileType = sourcecode.swift; name = TrainingModels.swift; path = ArcLog/Models/TrainingModels.swift; sourceTree = "<group>"; };
		2EBBFF76F5071700EB2B3B5E /* ArcLogWidgetsBundle.swift */ = {isa = PBXFileReference; includeInIndex = 1; lastKnownFileType = sourcecode.swift; name = ArcLogWidgetsBundle.swift; path = ArcLogWidgets/ArcLogWidgetsBundle.swift; sourceTree = "<group>"; };
		33179BD9A6C2755E88B505A9 /* HapticsService.swift */ = {isa = PBXFileReference; includeInIndex = 1; lastKnownFileType = sourcecode.swift; name = HapticsService.swift; path = ArcLog/Domain/HapticsService.swift; sourceTree = "<group>"; };
		392CC621CBDAC9B6E6A49427 /* ArcLogWidgets.swift */ = {isa = PBXFileReference; includeInIndex = 1; lastKnownFileType = sourcecode.swift; name = ArcLogWidgets.swift; path = ArcLogWidgets/ArcLogWidgets.swift; sourceTree = "<group>"; };
		3A9D22C8A259EDD9396732F0 /* AppIdentity.swift */ = {isa = PBXFileReference; includeInIndex = 1; lastKnownFileType = sourcecode.swift; name = AppIdentity.swift; path = ArcLog/App/AppIdentity.swift; sourceTree = "<group>"; };
		49ACAF205B1B4D0DCE35C843 /* Assets.xcassets */ = {isa = PBXFileReference; includeInIndex = 1; lastKnownFileType = folder.assetcatalog; name = Assets.xcassets; path = ArcLog/Assets.xcassets; sourceTree = "<group>"; };
		4CD565C3A31AE2154188F191 /* WidgetSnapshot.swift */ = {isa = PBXFileReference; includeInIndex = 1; lastKnownFileType = sourcecode.swift; name = WidgetSnapshot.swift; path = ArcLog/Support/WidgetSnapshot.swift; sourceTree = "<group>"; };
		4EFAF6A42E52AC2C41BFEC79 /* Formatting.swift */ = {isa = PBXFileReference; includeInIndex = 1; lastKnownFileType = sourcecode.swift; name = Formatting.swift; path = ArcLog/Support/Formatting.swift; sourceTree = "<group>"; };
		5279BB0F082859EEB352971F /* OnboardingFlowView.swift */ = {isa = PBXFileReference; includeInIndex = 1; lastKnownFileType = sourcecode.swift; name = OnboardingFlowView.swift; path = ArcLog/Views/Onboarding/OnboardingFlowView.swift; sourceTree = "<group>"; };
		58535D994280C835260CF525 /* AuraView.swift */ = {isa = PBXFileReference; includeInIndex = 1; lastKnownFileType = sourcecode.swift; name = AuraView.swift; path = ArcLog/Views/Components/AuraView.swift; sourceTree = "<group>"; };
		596B7F8D4185029C286B35C1 /* ArcLogTests.swift */ = {isa = PBXFileReference; includeInIndex = 1; lastKnownFileType = sourcecode.swift; name = ArcLogTests.swift; path = ArcLogTests/ArcLogTests.swift; sourceTree = "<group>"; };
		6910FEE1748F7C2DF69A467F /* SettingsView.swift */ = {isa = PBXFileReference; includeInIndex = 1; lastKnownFileType = sourcecode.swift; name = SettingsView.swift; path = ArcLog/Views/Settings/SettingsView.swift; sourceTree = "<group>"; };
		7374C9174902F527434357A4 /* WeekMath.swift */ = {isa = PBXFileReference; includeInIndex = 1; lastKnownFileType = sourcecode.swift; name = WeekMath.swift; path = ArcLog/Domain/WeekMath.swift; sourceTree = "<group>"; };
		79A4CE7949AA0744BC3BC16D /* SurfaceCard.swift */ = {isa = PBXFileReference; includeInIndex = 1; lastKnownFileType = sourcecode.swift; name = SurfaceCard.swift; path = ArcLog/Views/Components/SurfaceCard.swift; sourceTree = "<group>"; };
		8277062E60207448212B991B /* WeeklyReviewView.swift */ = {isa = PBXFileReference; includeInIndex = 1; lastKnownFileType = sourcecode.swift; name = WeeklyReviewView.swift; path = ArcLog/Views/WeeklyReview/WeeklyReviewView.swift; sourceTree = "<group>"; };
		85C919B53CB2AF01A8B887A1 /* TrainingArcConfig.swift */ = {isa = PBXFileReference; includeInIndex = 1; lastKnownFileType = sourcecode.swift; name = TrainingArcConfig.swift; path = ArcLog/Domain/TrainingArcConfig.swift; sourceTree = "<group>"; };
		8B2EC7D73D0E475E2F8CEE3D /* HistoryView.swift */ = {isa = PBXFileReference; includeInIndex = 1; lastKnownFileType = sourcecode.swift; name = HistoryView.swift; path = ArcLog/Views/History/HistoryView.swift; sourceTree = "<group>"; };
		4A8F31B0D7E24C0F9A1B2C3E /* GoalsView.swift */ = {isa = PBXFileReference; includeInIndex = 1; lastKnownFileType = sourcecode.swift; name = GoalsView.swift; path = ArcLog/Views/Goals/GoalsView.swift; sourceTree = "<group>"; };
		8D3F0D7C4B8DC8A81F5A404C /* ArcLogApp.swift */ = {isa = PBXFileReference; includeInIndex = 1; lastKnownFileType = sourcecode.swift; name = ArcLogApp.swift; path = ArcLog/ArcLogApp.swift; sourceTree = "<group>"; };
		92165F921AE72A2BB5A163CF /* TrainingRoute.swift */ = {isa = PBXFileReference; includeInIndex = 1; lastKnownFileType = sourcecode.swift; name = TrainingRoute.swift; path = ArcLog/Support/TrainingRoute.swift; sourceTree = "<group>"; };
		9AFF5C370B7CCF2962A99DF4 /* StatCard.swift */ = {isa = PBXFileReference; includeInIndex = 1; lastKnownFileType = sourcecode.swift; name = StatCard.swift; path = ArcLog/Views/Components/StatCard.swift; sourceTree = "<group>"; };
		9E1D95FE77EB7A8B1ACA872E /* TrainingStore.swift */ = {isa = PBXFileReference; includeInIndex = 1; lastKnownFileType = sourcecode.swift; name = TrainingStore.swift; path = ArcLog/Domain/TrainingStore.swift; sourceTree = "<group>"; };
		A3FCFA437531652149671752 /* ContentView.swift */ = {isa = PBXFileReference; includeInIndex = 1; lastKnownFileType = sourcecode.swift; name = ContentView.swift; path = ArcLog/ContentView.swift; sourceTree = "<group>"; };
		A7400481CC2F37BC1DEAA0D7 /* TrainingExportDocument.swift */ = {isa = PBXFileReference; includeInIndex = 1; lastKnownFileType = sourcecode.swift; name = TrainingExportDocument.swift; path = ArcLog/Support/TrainingExportDocument.swift; sourceTree = "<group>"; };
		A91903B9AC655E2F367B48F0 /* HabitEditorView.swift */ = {isa = PBXFileReference; includeInIndex = 1; lastKnownFileType = sourcecode.swift; name = HabitEditorView.swift; path = ArcLog/Views/Habits/HabitEditorView.swift; sourceTree = "<group>"; };
		B5B540F065D4C0D648C47729 /* NotificationService.swift */ = {isa = PBXFileReference; includeInIndex = 1; lastKnownFileType = sourcecode.swift; name = NotificationService.swift; path = ArcLog/Domain/NotificationService.swift; sourceTree = "<group>"; };
		C6888D8D1A58A620AC847DCA /* RankArtworkView.swift */ = {isa = PBXFileReference; includeInIndex = 1; lastKnownFileType = sourcecode.swift; name = RankArtworkView.swift; path = ArcLog/Views/Components/RankArtworkView.swift; sourceTree = "<group>"; };
		C9B76032658FDC3EB4F14E6A /* Foundation.framework */ = {isa = PBXFileReference; lastKnownFileType = wrapper.framework; name = Foundation.framework; path = Platforms/iPhoneOS.platform/Developer/SDKs/iPhoneOS12.2.sdk/System/Library/Frameworks/Foundation.framework; sourceTree = DEVELOPER_DIR; };
		CB2F9A6EDE79C07097FB3610 /* AppRootView.swift */ = {isa = PBXFileReference; includeInIndex = 1; lastKnownFileType = sourcecode.swift; name = AppRootView.swift; path = ArcLog/App/AppRootView.swift; sourceTree = "<group>"; };
		D03885062FCF26C3548CD147 /* ParticleBurstView.swift */ = {isa = PBXFileReference; includeInIndex = 1; lastKnownFileType = sourcecode.swift; name = ParticleBurstView.swift; path = ArcLog/Views/Components/ParticleBurstView.swift; sourceTree = "<group>"; };
		E045293530A87E2701363A22 /* ProgressionEngine.swift */ = {isa = PBXFileReference; includeInIndex = 1; lastKnownFileType = sourcecode.swift; name = ProgressionEngine.swift; path = ArcLog/Domain/ProgressionEngine.swift; sourceTree = "<group>"; };
		E0D39427B50B885EF2F60238 /* ArcLogWidgets.appex */ = {isa = PBXFileReference; explicitFileType = "wrapper.app-extension"; includeInIndex = 0; path = ArcLogWidgets.appex; sourceTree = BUILT_PRODUCTS_DIR; };
		E41F31C0E0FA20EE45C31D9A /* DashboardView.swift */ = {isa = PBXFileReference; includeInIndex = 1; lastKnownFileType = sourcecode.swift; name = DashboardView.swift; path = ArcLog/Views/Dashboard/DashboardView.swift; sourceTree = "<group>"; };
		E9569087814846758126EBEE /* DeepLink.swift */ = {isa = PBXFileReference; includeInIndex = 1; lastKnownFileType = sourcecode.swift; name = DeepLink.swift; path = ArcLog/Support/DeepLink.swift; sourceTree = "<group>"; };
		F492C50F76B5CD19D7831369 /* TrainingTheme.swift */ = {isa = PBXFileReference; includeInIndex = 1; lastKnownFileType = sourcecode.swift; name = TrainingTheme.swift; path = ArcLog/Theme/TrainingTheme.swift; sourceTree = "<group>"; };
		F4AD76A11581BC668BFF9800 /* ArcLog.app */ = {isa = PBXFileReference; explicitFileType = wrapper.application; includeInIndex = 0; path = ArcLog.app; sourceTree = BUILT_PRODUCTS_DIR; };
/* End PBXFileReference section */

/* Begin PBXFrameworksBuildPhase section */
		45C877CC4EEC131494BC41CA /* Frameworks */ = {
			isa = PBXFrameworksBuildPhase;
			buildActionMask = 2147483647;
			files = (
				B8D3B7703276C635745EF0E1 /* Foundation.framework in Frameworks */,
			);
			runOnlyForDeploymentPostprocessing = 0;
		};
		6220B3DE9E5C174A2E662F5B /* Frameworks */ = {
			isa = PBXFrameworksBuildPhase;
			buildActionMask = 2147483647;
			files = (
				B3CCCDF11E92161F4D806CBC /* Foundation.framework in Frameworks */,
			);
			runOnlyForDeploymentPostprocessing = 0;
		};
		A5C6368314E4717518DE5AB4 /* Frameworks */ = {
			isa = PBXFrameworksBuildPhase;
			buildActionMask = 2147483647;
			files = (
				1E9141469F333962496F5122 /* Foundation.framework in Frameworks */,
			);
			runOnlyForDeploymentPostprocessing = 0;
		};
/* End PBXFrameworksBuildPhase section */

/* Begin PBXGroup section */
		0F08B86DA0850732C68381F1 /* Products */ = {
			isa = PBXGroup;
			children = (
				F4AD76A11581BC668BFF9800 /* ArcLog.app */,
				E0D39427B50B885EF2F60238 /* ArcLogWidgets.appex */,
				0F0439FE287A3AB244B62946 /* ArcLogTests.xctest */,
			);
			name = Products;
			sourceTree = "<group>";
		};
		35DDF46C31F2C8FE5612ACCC /* Onboarding */ = {
			isa = PBXGroup;
			children = (
				5279BB0F082859EEB352971F /* OnboardingFlowView.swift */,
			);
			name = Onboarding;
			sourceTree = "<group>";
		};
		46077E368743EEEC8E7F33A1 /* Frameworks */ = {
			isa = PBXGroup;
			children = (
				6759EA5F0029790E10858FE5 /* iOS */,
			);
			name = Frameworks;
			sourceTree = "<group>";
		};
		48E8FCB645E14C270D99DA0C /* ArcLogTests */ = {
			isa = PBXGroup;
			children = (
				596B7F8D4185029C286B35C1 /* ArcLogTests.swift */,
			);
			name = ArcLogTests;
			sourceTree = "<group>";
		};
		4930A3C3E117BD9A9A270383 /* Dashboard */ = {
			isa = PBXGroup;
			children = (
				E41F31C0E0FA20EE45C31D9A /* DashboardView.swift */,
			);
			name = Dashboard;
			sourceTree = "<group>";
		};
		4A8F31B0D7E24C0F9A1B2C3F /* Goals */ = {
			isa = PBXGroup;
			children = (
				4A8F31B0D7E24C0F9A1B2C3E /* GoalsView.swift */,
			);
			name = Goals;
			sourceTree = "<group>";
		};
		514EE098F991EA7677265683 /* Habits */ = {
			isa = PBXGroup;
			children = (
				0E76BBD1DECEF2B57BB59B79 /* HabitDetailView.swift */,
				A91903B9AC655E2F367B48F0 /* HabitEditorView.swift */,
				1419229671C5861428151155 /* HabitsView.swift */,
			);
			name = Habits;
			sourceTree = "<group>";
		};
		551944F44B1A15E28763799D /* Intents */ = {
			isa = PBXGroup;
			children = (
				26BDCD0AE2AAB4C0CC38FDA3 /* TrainingArcAppShortcuts.swift */,
				1600BC42083577AFA3BD9FF9 /* TrainingArcIntents.swift */,
			);
			name = Intents;
			sourceTree = "<group>";
		};
		5EE2D453ABDBB96B2D372960 /* ArcLog */ = {
			isa = PBXGroup;
			children = (
				B0C8D25F3E074A87B117819D /* App */,
				8D3F0D7C4B8DC8A81F5A404C /* ArcLogApp.swift */,
				A3FCFA437531652149671752 /* ContentView.swift */,
				8880C4CC7161074EA67363D3 /* Domain */,
				551944F44B1A15E28763799D /* Intents */,
				659BE604A84E090C06451372 /* Models */,
				A474F2C40E1DB2973A62B631 /* Support */,
				AF2BEC0440A16CA6514ECC9D /* Theme */,
				C23156AE9FDE8FC49DB0116D /* Views */,
				49ACAF205B1B4D0DCE35C843 /* Assets.xcassets */,
			);
			name = ArcLog;
			sourceTree = "<group>";
		};
		6330EDED5100E9C1C02431AA /* ArcLogWidgets */ = {
			isa = PBXGroup;
			children = (
				392CC621CBDAC9B6E6A49427 /* ArcLogWidgets.swift */,
				2EBBFF76F5071700EB2B3B5E /* ArcLogWidgetsBundle.swift */,
			);
			name = ArcLogWidgets;
			sourceTree = "<group>";
		};
		659BE604A84E090C06451372 /* Models */ = {
			isa = PBXGroup;
			children = (
				2DAC80C8B6E6B440341C701A /* TrainingModels.swift */,
			);
			name = Models;
			sourceTree = "<group>";
		};
		6759EA5F0029790E10858FE5 /* iOS */ = {
			isa = PBXGroup;
			children = (
				C9B76032658FDC3EB4F14E6A /* Foundation.framework */,
			);
			name = iOS;
			sourceTree = "<group>";
		};
		7750BC90D60881F28E3B69B1 /* Settings */ = {
			isa = PBXGroup;
			children = (
				6910FEE1748F7C2DF69A467F /* SettingsView.swift */,
			);
			name = Settings;
			sourceTree = "<group>";
		};
		7874745DAAB6D8588B468803 /* Character */ = {
			isa = PBXGroup;
			children = (
				0CF0FC8256B14E0BCB9EABBA /* CharacterSheetView.swift */,
			);
			name = Character;
			sourceTree = "<group>";
		};
		8880C4CC7161074EA67363D3 /* Domain */ = {
			isa = PBXGroup;
			children = (
				19290FE948BBCA6B75CF00D5 /* ExternalEventService.swift */,
				33179BD9A6C2755E88B505A9 /* HapticsService.swift */,
				B5B540F065D4C0D648C47729 /* NotificationService.swift */,
				E045293530A87E2701363A22 /* ProgressionEngine.swift */,
				1C1012D2037E1B3FC3C79138 /* StreakService.swift */,
				85C919B53CB2AF01A8B887A1 /* TrainingArcConfig.swift */,
				9E1D95FE77EB7A8B1ACA872E /* TrainingStore.swift */,
				7374C9174902F527434357A4 /* WeekMath.swift */,
			);
			name = Domain;
			sourceTree = "<group>";
		};
		914DFB72858696E079EE5795 /* Components */ = {
			isa = PBXGroup;
			children = (
				58535D994280C835260CF525 /* AuraView.swift */,
				12A478A2D1F1556301984B32 /* HabitQuickLogRow.swift */,
				D03885062FCF26C3548CD147 /* ParticleBurstView.swift */,
				C6888D8D1A58A620AC847DCA /* RankArtworkView.swift */,
				9AFF5C370B7CCF2962A99DF4 /* StatCard.swift */,
				79A4CE7949AA0744BC3BC16D /* SurfaceCard.swift */,
			);
			name = Components;
			sourceTree = "<group>";
		};
		A474F2C40E1DB2973A62B631 /* Support */ = {
			isa = PBXGroup;
			children = (
				E9569087814846758126EBEE /* DeepLink.swift */,
				4EFAF6A42E52AC2C41BFEC79 /* Formatting.swift */,
				A7400481CC2F37BC1DEAA0D7 /* TrainingExportDocument.swift */,
				92165F921AE72A2BB5A163CF /* TrainingRoute.swift */,
				4CD565C3A31AE2154188F191 /* WidgetSnapshot.swift */,
			);
			name = Support;
			sourceTree = "<group>";
		};
		AF2BEC0440A16CA6514ECC9D /* Theme */ = {
			isa = PBXGroup;
			children = (
				F492C50F76B5CD19D7831369 /* TrainingTheme.swift */,
			);
			name = Theme;
			sourceTree = "<group>";
		};
		B0C8D25F3E074A87B117819D /* App */ = {
			isa = PBXGroup;
			children = (
				3A9D22C8A259EDD9396732F0 /* AppIdentity.swift */,
				CB2F9A6EDE79C07097FB3610 /* AppRootView.swift */,
				1F941A0D9CC636C5B7B4E045 /* AppRouter.swift */,
			);
			name = App;
			sourceTree = "<group>";
		};
		BB59910077FE8F762CB142FD /* WeeklyReview */ = {
			isa = PBXGroup;
			children = (
				8277062E60207448212B991B /* WeeklyReviewView.swift */,
			);
			name = WeeklyReview;
			sourceTree = "<group>";
		};
		C23156AE9FDE8FC49DB0116D /* Views */ = {
			isa = PBXGroup;
			children = (
				7874745DAAB6D8588B468803 /* Character */,
				914DFB72858696E079EE5795 /* Components */,
				4930A3C3E117BD9A9A270383 /* Dashboard */,
				4A8F31B0D7E24C0F9A1B2C3F /* Goals */,
				514EE098F991EA7677265683 /* Habits */,
				D8BABE2CC4D86AB234CA81FF /* History */,
				35DDF46C31F2C8FE5612ACCC /* Onboarding */,
				7750BC90D60881F28E3B69B1 /* Settings */,
				BB59910077FE8F762CB142FD /* WeeklyReview */,
			);
			name = Views;
			sourceTree = "<group>";
		};
		D8BABE2CC4D86AB234CA81FF /* History */ = {
			isa = PBXGroup;
			children = (
				8B2EC7D73D0E475E2F8CEE3D /* HistoryView.swift */,
			);
			name = History;
			sourceTree = "<group>";
		};
		EC741A8CAA402DFC470831F6 = {
			isa = PBXGroup;
			children = (
				0F08B86DA0850732C68381F1 /* Products */,
				46077E368743EEEC8E7F33A1 /* Frameworks */,
				5EE2D453ABDBB96B2D372960 /* ArcLog */,
				6330EDED5100E9C1C02431AA /* ArcLogWidgets */,
				48E8FCB645E14C270D99DA0C /* ArcLogTests */,
			);
			sourceTree = "<group>";
		};
/* End PBXGroup section */

/* Begin PBXNativeTarget section */
		26B8AD0EBDD2689C810AC369 /* ArcLogWidgets */ = {
			isa = PBXNativeTarget;
			buildConfigurationList = EF88D88C14E9DA6F53B79167 /* Build configuration list for PBXNativeTarget "ArcLogWidgets" */;
			buildPhases = (
				20D89A085445166195BB29D3 /* Sources */,
				6220B3DE9E5C174A2E662F5B /* Frameworks */,
				6BA557BB073D77CAE0E44DDF /* Resources */,
			);
			buildRules = (
			);
			dependencies = (
			);
			name = ArcLogWidgets;
			productName = ArcLogWidgets;
			productReference = E0D39427B50B885EF2F60238 /* ArcLogWidgets.appex */;
			productType = "com.apple.product-type.app-extension";
		};
		38B737E316FED683347D3868 /* ArcLog */ = {
			isa = PBXNativeTarget;
			buildConfigurationList = FFCAB2FDBB7090F89BB39B14 /* Build configuration list for PBXNativeTarget "ArcLog" */;
			buildPhases = (
				B0AE0D0B1B6EF7945269BB97 /* Sources */,
				A5C6368314E4717518DE5AB4 /* Frameworks */,
				79E7B1355CD32EB4736584FB /* Resources */,
				B02627CE8E9ABF432BC311F6 /* Embed App Extensions */,
			);
			buildRules = (
			);
			dependencies = (
				A42A1FB289DFCE238DF2CAAD /* PBXTargetDependency */,
			);
			name = ArcLog;
			productName = ArcLog;
			productReference = F4AD76A11581BC668BFF9800 /* ArcLog.app */;
			productType = "com.apple.product-type.application";
		};
		93E2EA7B4CCFCE6F62C37BE4 /* ArcLogTests */ = {
			isa = PBXNativeTarget;
			buildConfigurationList = 22A14EB1298199C5205D2351 /* Build configuration list for PBXNativeTarget "ArcLogTests" */;
			buildPhases = (
				E20938AE41CFF7E652D65EA7 /* Sources */,
				45C877CC4EEC131494BC41CA /* Frameworks */,
				24AE27BFBA982DE4AA1818EF /* Resources */,
			);
			buildRules = (
			);
			dependencies = (
				1509A47457A50A4FF6E1AB19 /* PBXTargetDependency */,
			);
			name = ArcLogTests;
			productName = ArcLogTests;
			productReference = 0F0439FE287A3AB244B62946 /* ArcLogTests.xctest */;
			productType = "com.apple.product-type.bundle.unit-test";
		};
/* End PBXNativeTarget section */

/* Begin PBXProject section */
		BBA9442F9EB0903823CF0E5A /* Project object */ = {
			isa = PBXProject;
			attributes = {
				LastSwiftUpdateCheck = 1700;
				LastUpgradeCheck = 1700;
				TargetAttributes = {
					38B737E316FED683347D3868 = {
						SystemCapabilities = {
							com.apple.BackgroundModes = {
								enabled = 1;
							};
							com.apple.HealthKit = {
								enabled = 1;
							};
							com.apple.Push = {
								enabled = 1;
							};
							com.apple.iCloud = {
								enabled = 1;
							};
						};
					};
				};
			};
			buildConfigurationList = 1B27588FD417B10BE58DE4EB /* Build configuration list for PBXProject "ArcLog" */;
			compatibilityVersion = "Xcode 3.2";
			developmentRegion = en;
			hasScannedForEncodings = 0;
			knownRegions = (
				en,
				Base,
			);
			mainGroup = EC741A8CAA402DFC470831F6;
			productRefGroup = 0F08B86DA0850732C68381F1 /* Products */;
			projectDirPath = "";
			projectRoot = "";
			targets = (
				38B737E316FED683347D3868 /* ArcLog */,
				26B8AD0EBDD2689C810AC369 /* ArcLogWidgets */,
				93E2EA7B4CCFCE6F62C37BE4 /* ArcLogTests */,
			);
		};
/* End PBXProject section */

/* Begin PBXResourcesBuildPhase section */
		24AE27BFBA982DE4AA1818EF /* Resources */ = {
			isa = PBXResourcesBuildPhase;
			buildActionMask = 2147483647;
			files = (
			);
			runOnlyForDeploymentPostprocessing = 0;
		};
		6BA557BB073D77CAE0E44DDF /* Resources */ = {
			isa = PBXResourcesBuildPhase;
			buildActionMask = 2147483647;
			files = (
			);
			runOnlyForDeploymentPostprocessing = 0;
		};
		79E7B1355CD32EB4736584FB /* Resources */ = {
			isa = PBXResourcesBuildPhase;
			buildActionMask = 2147483647;
			files = (
				083D64D2FEFFEFF1D07A65D6 /* Assets.xcassets in Resources */,
			);
			runOnlyForDeploymentPostprocessing = 0;
		};
/* End PBXResourcesBuildPhase section */

/* Begin PBXSourcesBuildPhase section */
		20D89A085445166195BB29D3 /* Sources */ = {
			isa = PBXSourcesBuildPhase;
			buildActionMask = 2147483647;
			files = (
				435D06216F5AAD9188EB7858 /* AppIdentity.swift in Sources */,
				A58BCC11E59197865C638468 /* Formatting.swift in Sources */,
				621332CC49C0126CE62C422A /* TrainingRoute.swift in Sources */,
				A3D92654BB428CA2E4884587 /* WidgetSnapshot.swift in Sources */,
				6E7238A3F3F16C1277787DA3 /* ArcLogWidgets.swift in Sources */,
				AE505B863519D052843A89D4 /* ArcLogWidgetsBundle.swift in Sources */,
			);
			runOnlyForDeploymentPostprocessing = 0;
		};
		B0AE0D0B1B6EF7945269BB97 /* Sources */ = {
			isa = PBXSourcesBuildPhase;
			buildActionMask = 2147483647;
			files = (
				6B0A3D3A556D95FEBD461E6F /* AppIdentity.swift in Sources */,
				F2A3F298BAF1DD99ED9088C0 /* AppRootView.swift in Sources */,
				03E50EB8A33584C2E3DA5C42 /* AppRouter.swift in Sources */,
				9A073E130BFFCA91AB9535F7 /* ArcLogApp.swift in Sources */,
				3A3DC42CA03D69F393951E58 /* ContentView.swift in Sources */,
				14F0E02A6D97F036EB803584 /* ExternalEventService.swift in Sources */,
				CD8778C8C2EC305A6CAAEBD5 /* HapticsService.swift in Sources */,
				DA6A0A2B307EB714EB81D0F3 /* NotificationService.swift in Sources */,
				CE7133089386FA988043E891 /* ProgressionEngine.swift in Sources */,
				658E2EF150CEBED347B6295C /* StreakService.swift in Sources */,
				0B0DA74050BFDB012C257AD9 /* TrainingArcConfig.swift in Sources */,
				182A8B6E07576AF494FA2EFE /* TrainingStore.swift in Sources */,
				8FAB4C0D4561EA75AC373227 /* WeekMath.swift in Sources */,
				3867B49BA40B3523C33C13E2 /* TrainingArcAppShortcuts.swift in Sources */,
				8C21B779B1CEFC9382B3BEB1 /* TrainingArcIntents.swift in Sources */,
				D0EC96E72CF61D7286CA3EC0 /* TrainingModels.swift in Sources */,
				578EF90D3F42025F60A676B5 /* DeepLink.swift in Sources */,
				5E6BC1F02C6BFC045C0037AD /* Formatting.swift in Sources */,
				1D5CD65411363E3FC0DC0EBF /* TrainingExportDocument.swift in Sources */,
				1FDD1E283FCB2C99020D5338 /* TrainingRoute.swift in Sources */,
				2ECEB3BE3B6458840C026969 /* WidgetSnapshot.swift in Sources */,
				B710FC7B04FB9A59A7A6C79C /* TrainingTheme.swift in Sources */,
				6BBCBB1E370947BBC967F3D8 /* CharacterSheetView.swift in Sources */,
				AEAAC1787B64236C45B3F3C2 /* AuraView.swift in Sources */,
				AAE44FB22A6214BE6C5C8823 /* HabitQuickLogRow.swift in Sources */,
				A3AB5DD437CE0BBEF65BACE5 /* ParticleBurstView.swift in Sources */,
				45D80ED5613CEA6FD9816E00 /* RankArtworkView.swift in Sources */,
				BA5C6047636A68AD75C05780 /* StatCard.swift in Sources */,
				5E215D0973CA16E9429BA455 /* SurfaceCard.swift in Sources */,
				0B61AB76FE7EF9A0565472C2 /* DashboardView.swift in Sources */,
				C591D17FB40738D794B0630B /* HabitDetailView.swift in Sources */,
				6ED7CE6030CD90E6D709C8BF /* HabitEditorView.swift in Sources */,
				ABB45DC0C3771E41B6FFC9D0 /* HabitsView.swift in Sources */,
				46CFC5D4A919C44C99B7B73E /* HistoryView.swift in Sources */,
				4A8F31B0D7E24C0F9A1B2C3D /* GoalsView.swift in Sources */,
				0084262EE5E39142C677BFC9 /* OnboardingFlowView.swift in Sources */,
				7CEA8823EE34D74705200182 /* SettingsView.swift in Sources */,
				3A7D10DBFC2E9151D5E95FF8 /* WeeklyReviewView.swift in Sources */,
			);
			runOnlyForDeploymentPostprocessing = 0;
		};
		E20938AE41CFF7E652D65EA7 /* Sources */ = {
			isa = PBXSourcesBuildPhase;
			buildActionMask = 2147483647;
			files = (
				DAACDC0B6ED80CE7BC085E2A /* ArcLogTests.swift in Sources */,
			);
			runOnlyForDeploymentPostprocessing = 0;
		};
/* End PBXSourcesBuildPhase section */

/* Begin PBXTargetDependency section */
		1509A47457A50A4FF6E1AB19 /* PBXTargetDependency */ = {
			isa = PBXTargetDependency;
			name = ArcLog;
			target = 38B737E316FED683347D3868 /* ArcLog */;
			targetProxy = 7D24A0D31C5A4D151B531B9D /* PBXContainerItemProxy */;
		};
		A42A1FB289DFCE238DF2CAAD /* PBXTargetDependency */ = {
			isa = PBXTargetDependency;
			name = ArcLogWidgets;
			target = 26B8AD0EBDD2689C810AC369 /* ArcLogWidgets */;
			targetProxy = 885702113A5CAAE802158070 /* PBXContainerItemProxy */;
		};
/* End PBXTargetDependency section */

/* Begin XCBuildConfiguration section */
		071E8C198B7C4B3AEB693E8F /* Release */ = {
			isa = XCBuildConfiguration;
			buildSettings = {
				APPLICATION_EXTENSION_API_ONLY = YES;
				CLANG_ENABLE_OBJC_WEAK = NO;
				CODE_SIGN_ENTITLEMENTS = ArcLogWidgets/ArcLogWidgets.entitlements;
				CODE_SIGN_IDENTITY = "iPhone Developer";
				CODE_SIGN_STYLE = Automatic;
				CURRENT_PROJECT_VERSION = 1;
				GENERATE_INFOPLIST_FILE = NO;
				INFOPLIST_FILE = ArcLogWidgets/Info.plist;
				IPHONEOS_DEPLOYMENT_TARGET = 17.0;
				LD_RUNPATH_SEARCH_PATHS = "$(inherited) @executable_path/Frameworks @executable_path/../../Frameworks";
				MARKETING_VERSION = 1.0;
				PRODUCT_BUNDLE_IDENTIFIER = studio.curateddesign.ArcLog.widgets;
				PRODUCT_NAME = "$(TARGET_NAME)";
				SDKROOT = iphoneos;
				SKIP_INSTALL = YES;
				VALIDATE_PRODUCT = YES;
			};
			name = Release;
		};
		5AA0F944B12412B0755B2CDE /* Debug */ = {
			isa = XCBuildConfiguration;
			buildSettings = {
				ALWAYS_SEARCH_USER_PATHS = NO;
				CLANG_ANALYZER_NONNULL = YES;
				CLANG_ANALYZER_NUMBER_OBJECT_CONVERSION = YES_AGGRESSIVE;
				CLANG_CXX_LANGUAGE_STANDARD = "gnu++14";
				CLANG_CXX_LIBRARY = "libc++";
				CLANG_ENABLE_MODULES = YES;
				CLANG_ENABLE_OBJC_ARC = YES;
				CLANG_ENABLE_OBJC_WEAK = YES;
				CLANG_WARN_BLOCK_CAPTURE_AUTORELEASING = YES;
				CLANG_WARN_BOOL_CONVERSION = YES;
				CLANG_WARN_COMMA = YES;
				CLANG_WARN_CONSTANT_CONVERSION = YES;
				CLANG_WARN_DEPRECATED_OBJC_IMPLEMENTATIONS = YES;
				CLANG_WARN_DIRECT_OBJC_ISA_USAGE = YES_ERROR;
				CLANG_WARN_DOCUMENTATION_COMMENTS = YES;
				CLANG_WARN_EMPTY_BODY = YES;
				CLANG_WARN_ENUM_CONVERSION = YES;
				CLANG_WARN_INFINITE_RECURSION = YES;
				CLANG_WARN_INT_CONVERSION = YES;
				CLANG_WARN_NON_LITERAL_NULL_CONVERSION = YES;
				CLANG_WARN_OBJC_IMPLICIT_RETAIN_SELF = YES;
				CLANG_WARN_OBJC_LITERAL_CONVERSION = YES;
				CLANG_WARN_OBJC_ROOT_CLASS = YES_ERROR;
				CLANG_WARN_RANGE_LOOP_ANALYSIS = YES;
				CLANG_WARN_STRICT_PROTOTYPES = YES;
				CLANG_WARN_SUSPICIOUS_MOVE = YES;
				CLANG_WARN_UNGUARDED_AVAILABILITY = YES_AGGRESSIVE;
				CLANG_WARN_UNREACHABLE_CODE = YES;
				CLANG_WARN__DUPLICATE_METHOD_MATCH = YES;
				COPY_PHASE_STRIP = NO;
				DEBUG_INFORMATION_FORMAT = dwarf;
				DEVELOPMENT_TEAM = 5865Y52YG7;
				ENABLE_STRICT_OBJC_MSGSEND = YES;
				ENABLE_TESTABILITY = YES;
				GCC_C_LANGUAGE_STANDARD = gnu11;
				GCC_DYNAMIC_NO_PIC = NO;
				GCC_NO_COMMON_BLOCKS = YES;
				GCC_OPTIMIZATION_LEVEL = 0;
				GCC_PREPROCESSOR_DEFINITIONS = (
					"DEBUG=1",
					"$(inherited)",
				);
				GCC_WARN_64_TO_32_BIT_CONVERSION = YES;
				GCC_WARN_ABOUT_RETURN_TYPE = YES_ERROR;
				GCC_WARN_UNDECLARED_SELECTOR = YES;
				GCC_WARN_UNINITIALIZED_AUTOS = YES_AGGRESSIVE;
				GCC_WARN_UNUSED_FUNCTION = YES;
				GCC_WARN_UNUSED_VARIABLE = YES;
				IPHONEOS_DEPLOYMENT_TARGET = 17.0;
				MTL_ENABLE_DEBUG_INFO = INCLUDE_SOURCE;
				MTL_FAST_MATH = YES;
				ONLY_ACTIVE_ARCH = YES;
				PRODUCT_NAME = "$(TARGET_NAME)";
				SUPPORTED_PLATFORMS = "iphoneos iphonesimulator";
				SWIFT_ACTIVE_COMPILATION_CONDITIONS = DEBUG;
				SWIFT_APPROACHABLE_CONCURRENCY = YES;
				SWIFT_DEFAULT_ACTOR_ISOLATION = MainActor;
				SWIFT_EMIT_LOC_STRINGS = YES;
				SWIFT_OPTIMIZATION_LEVEL = "-Onone";
				SWIFT_VERSION = 5.0;
				TARGETED_DEVICE_FAMILY = "1,2";
			};
			name = Debug;
		};
		856EA9008D9EE73378CE7EAA /* Debug */ = {
			isa = XCBuildConfiguration;
			buildSettings = {
				BUNDLE_LOADER = "$(TEST_HOST)";
				CLANG_ENABLE_OBJC_WEAK = NO;
				CODE_SIGN_IDENTITY = "iPhone Developer";
				CODE_SIGN_STYLE = Automatic;
				CURRENT_PROJECT_VERSION = 1;
				GENERATE_INFOPLIST_FILE = YES;
				IPHONEOS_DEPLOYMENT_TARGET = 17.0;
				MARKETING_VERSION = 1.0;
				PRODUCT_BUNDLE_IDENTIFIER = studio.curateddesign.ArcLogTests;
				PRODUCT_NAME = "$(TARGET_NAME)";
				SDKROOT = iphoneos;
				TEST_HOST = "$(BUILT_PRODUCTS_DIR)/ArcLog.app/ArcLog";
			};
			name = Debug;
		};
		996A32A051981EBF769EA786 /* Release */ = {
			isa = XCBuildConfiguration;
			buildSettings = {
				BUNDLE_LOADER = "$(TEST_HOST)";
				CLANG_ENABLE_OBJC_WEAK = NO;
				CODE_SIGN_IDENTITY = "iPhone Developer";
				CODE_SIGN_STYLE = Automatic;
				CURRENT_PROJECT_VERSION = 1;
				GENERATE_INFOPLIST_FILE = YES;
				IPHONEOS_DEPLOYMENT_TARGET = 17.0;
				MARKETING_VERSION = 1.0;
				PRODUCT_BUNDLE_IDENTIFIER = studio.curateddesign.ArcLogTests;
				PRODUCT_NAME = "$(TARGET_NAME)";
				SDKROOT = iphoneos;
				TEST_HOST = "$(BUILT_PRODUCTS_DIR)/ArcLog.app/ArcLog";
				VALIDATE_PRODUCT = YES;
			};
			name = Release;
		};
		A990A295D532FC617E4F657A /* Release */ = {
			isa = XCBuildConfiguration;
			buildSettings = {
				ASSETCATALOG_COMPILER_APPICON_NAME = AppIcon;
				ASSETCATALOG_COMPILER_GLOBAL_ACCENT_COLOR_NAME = AccentColor;
				CLANG_ENABLE_OBJC_WEAK = NO;
				CODE_SIGN_ENTITLEMENTS = ArcLog/ArcLog.entitlements;
				CODE_SIGN_IDENTITY = "iPhone Developer";
				CODE_SIGN_STYLE = Automatic;
				CURRENT_PROJECT_VERSION = 1;
				GENERATE_INFOPLIST_FILE = NO;
				INFOPLIST_FILE = ArcLog/Info.plist;
				IPHONEOS_DEPLOYMENT_TARGET = 17.0;
				LD_RUNPATH_SEARCH_PATHS = "$(inherited) @executable_path/Frameworks";
				MARKETING_VERSION = 1.0;
				PRODUCT_BUNDLE_IDENTIFIER = studio.curateddesign.ArcLog;
				PRODUCT_NAME = "$(TARGET_NAME)";
				SDKROOT = iphoneos;
				TARGETED_DEVICE_FAMILY = "1,2";
				VALIDATE_PRODUCT = YES;
			};
			name = Release;
		};
		B1491ECF4E04E01EF6793C09 /* Debug */ = {
			isa = XCBuildConfiguration;
			buildSettings = {
				APPLICATION_EXTENSION_API_ONLY = YES;
				CLANG_ENABLE_OBJC_WEAK = NO;
				CODE_SIGN_ENTITLEMENTS = ArcLogWidgets/ArcLogWidgets.entitlements;
				CODE_SIGN_IDENTITY = "iPhone Developer";
				CODE_SIGN_STYLE = Automatic;
				CURRENT_PROJECT_VERSION = 1;
				GENERATE_INFOPLIST_FILE = NO;
				INFOPLIST_FILE = ArcLogWidgets/Info.plist;
				IPHONEOS_DEPLOYMENT_TARGET = 17.0;
				LD_RUNPATH_SEARCH_PATHS = "$(inherited) @executable_path/Frameworks @executable_path/../../Frameworks";
				MARKETING_VERSION = 1.0;
				PRODUCT_BUNDLE_IDENTIFIER = studio.curateddesign.ArcLog.widgets;
				PRODUCT_NAME = "$(TARGET_NAME)";
				SDKROOT = iphoneos;
				SKIP_INSTALL = YES;
			};
			name = Debug;
		};
		C77CD1092DE39FF2FEC8D3D5 /* Debug */ = {
			isa = XCBuildConfiguration;
			buildSettings = {
				ASSETCATALOG_COMPILER_APPICON_NAME = AppIcon;
				ASSETCATALOG_COMPILER_GLOBAL_ACCENT_COLOR_NAME = AccentColor;
				CLANG_ENABLE_OBJC_WEAK = NO;
				CODE_SIGN_ENTITLEMENTS = ArcLog/ArcLog.entitlements;
				CODE_SIGN_IDENTITY = "iPhone Developer";
				CODE_SIGN_STYLE = Automatic;
				CURRENT_PROJECT_VERSION = 1;
				GENERATE_INFOPLIST_FILE = NO;
				INFOPLIST_FILE = ArcLog/Info.plist;
				IPHONEOS_DEPLOYMENT_TARGET = 17.0;
				LD_RUNPATH_SEARCH_PATHS = "$(inherited) @executable_path/Frameworks";
				MARKETING_VERSION = 1.0;
				PRODUCT_BUNDLE_IDENTIFIER = studio.curateddesign.ArcLog;
				PRODUCT_NAME = "$(TARGET_NAME)";
				SDKROOT = iphoneos;
				TARGETED_DEVICE_FAMILY = "1,2";
			};
			name = Debug;
		};
		D8A1FDC9C29F5E3FFFCD612E /* Release */ = {
			isa = XCBuildConfiguration;
			buildSettings = {
				ALWAYS_SEARCH_USER_PATHS = NO;
				CLANG_ANALYZER_NONNULL = YES;
				CLANG_ANALYZER_NUMBER_OBJECT_CONVERSION = YES_AGGRESSIVE;
				CLANG_CXX_LANGUAGE_STANDARD = "gnu++14";
				CLANG_CXX_LIBRARY = "libc++";
				CLANG_ENABLE_MODULES = YES;
				CLANG_ENABLE_OBJC_ARC = YES;
				CLANG_ENABLE_OBJC_WEAK = YES;
				CLANG_WARN_BLOCK_CAPTURE_AUTORELEASING = YES;
				CLANG_WARN_BOOL_CONVERSION = YES;
				CLANG_WARN_COMMA = YES;
				CLANG_WARN_CONSTANT_CONVERSION = YES;
				CLANG_WARN_DEPRECATED_OBJC_IMPLEMENTATIONS = YES;
				CLANG_WARN_DIRECT_OBJC_ISA_USAGE = YES_ERROR;
				CLANG_WARN_DOCUMENTATION_COMMENTS = YES;
				CLANG_WARN_EMPTY_BODY = YES;
				CLANG_WARN_ENUM_CONVERSION = YES;
				CLANG_WARN_INFINITE_RECURSION = YES;
				CLANG_WARN_INT_CONVERSION = YES;
				CLANG_WARN_NON_LITERAL_NULL_CONVERSION = YES;
				CLANG_WARN_OBJC_IMPLICIT_RETAIN_SELF = YES;
				CLANG_WARN_OBJC_LITERAL_CONVERSION = YES;
				CLANG_WARN_OBJC_ROOT_CLASS = YES_ERROR;
				CLANG_WARN_RANGE_LOOP_ANALYSIS = YES;
				CLANG_WARN_STRICT_PROTOTYPES = YES;
				CLANG_WARN_SUSPICIOUS_MOVE = YES;
				CLANG_WARN_UNGUARDED_AVAILABILITY = YES_AGGRESSIVE;
				CLANG_WARN_UNREACHABLE_CODE = YES;
				CLANG_WARN__DUPLICATE_METHOD_MATCH = YES;
				COPY_PHASE_STRIP = NO;
				DEBUG_INFORMATION_FORMAT = "dwarf-with-dsym";
				DEVELOPMENT_TEAM = 5865Y52YG7;
				ENABLE_NS_ASSERTIONS = NO;
				ENABLE_STRICT_OBJC_MSGSEND = YES;
				GCC_C_LANGUAGE_STANDARD = gnu11;
				GCC_NO_COMMON_BLOCKS = YES;
				GCC_WARN_64_TO_32_BIT_CONVERSION = YES;
				GCC_WARN_ABOUT_RETURN_TYPE = YES_ERROR;
				GCC_WARN_UNDECLARED_SELECTOR = YES;
				GCC_WARN_UNINITIALIZED_AUTOS = YES_AGGRESSIVE;
				GCC_WARN_UNUSED_FUNCTION = YES;
				GCC_WARN_UNUSED_VARIABLE = YES;
				IPHONEOS_DEPLOYMENT_TARGET = 17.0;
				MTL_ENABLE_DEBUG_INFO = NO;
				MTL_FAST_MATH = YES;
				PRODUCT_NAME = "$(TARGET_NAME)";
				SUPPORTED_PLATFORMS = "iphoneos iphonesimulator";
				SWIFT_APPROACHABLE_CONCURRENCY = YES;
				SWIFT_COMPILATION_MODE = wholemodule;
				SWIFT_DEFAULT_ACTOR_ISOLATION = MainActor;
				SWIFT_EMIT_LOC_STRINGS = YES;
				SWIFT_OPTIMIZATION_LEVEL = "-O";
				SWIFT_VERSION = 5.0;
				TARGETED_DEVICE_FAMILY = "1,2";
			};
			name = Release;
		};
/* End XCBuildConfiguration section */

/* Begin XCConfigurationList section */
		1B27588FD417B10BE58DE4EB /* Build configuration list for PBXProject "ArcLog" */ = {
			isa = XCConfigurationList;
			buildConfigurations = (
				5AA0F944B12412B0755B2CDE /* Debug */,
				D8A1FDC9C29F5E3FFFCD612E /* Release */,
			);
			defaultConfigurationIsVisible = 0;
			defaultConfigurationName = Release;
		};
		22A14EB1298199C5205D2351 /* Build configuration list for PBXNativeTarget "ArcLogTests" */ = {
			isa = XCConfigurationList;
			buildConfigurations = (
				996A32A051981EBF769EA786 /* Release */,
				856EA9008D9EE73378CE7EAA /* Debug */,
			);
			defaultConfigurationIsVisible = 0;
			defaultConfigurationName = Release;
		};
		EF88D88C14E9DA6F53B79167 /* Build configuration list for PBXNativeTarget "ArcLogWidgets" */ = {
			isa = XCConfigurationList;
			buildConfigurations = (
				071E8C198B7C4B3AEB693E8F /* Release */,
				B1491ECF4E04E01EF6793C09 /* Debug */,
			);
			defaultConfigurationIsVisible = 0;
			defaultConfigurationName = Release;
		};
		FFCAB2FDBB7090F89BB39B14 /* Build configuration list for PBXNativeTarget "ArcLog" */ = {
			isa = XCConfigurationList;
			buildConfigurations = (
				A990A295D532FC617E4F657A /* Release */,
				C77CD1092DE39FF2FEC8D3D5 /* Debug */,
			);
			defaultConfigurationIsVisible = 0;
			defaultConfigurationName = Release;
		};
/* End XCConfigurationList section */
	};
	rootObject = BBA9442F9EB0903823CF0E5A /* Project object */;
}
